
Microsoft Visual Studio Solution File, Format Version 12.00
# Visual Studio Version 16
VisualStudioVersion = 16.0.31424.327
MinimumVisualStudioVersion = 10.0.40219.1
Project("{FAE04EC0-301F-11D3-BF4B-00C04F79EFBC}") = "Calculator", "Calculator\Calculator.csproj", "{A10951D6-9985-4A60-8DF0-1176FB50D199}"
EndProject
Global
	GlobalSection(SolutionConfigurationPlatforms) = preSolution
		Debug|Any CPU = Debug|Any CPU
		Release|Any CPU = Release|Any CPU
	EndGlobalSection
	GlobalSection(ProjectConfigurationPlatforms) = postSolution
		{A10951D6-9985-4A60-8DF0-1176FB50D199}.Debug|Any CPU.ActiveCfg = Debug|Any CPU
		{A10951D6-9985-4A60-8DF0-1176FB50D199}.Debug|Any CPU.Build.0 = Debug|Any CPU
		{A10951D6-9985-4A60-8DF0-1176FB50D199}.Release|Any CPU.ActiveCfg = Release|Any CPU
		{A10951D6-9985-4A60-8DF0-1176FB50D199}.Release|Any CPU.Build.0 = Release|Any CPU
	EndGlobalSection
	GlobalSection(SolutionProperties) = preSolution
		HideSolutionNode = FALSE
	EndGlobalSection
	GlobalSection(ExtensibilityGlobals) = postSolution
		SolutionGuid = {026FE503-ECED-4716-83A8-0268DF7126F0}
	EndGlobalSection
EndGlobal
